
Microsoft Visual Studio Solution File, Format Version 12.00
# Visual Studio Version 17
VisualStudioVersion = 17.9.34723.18
MinimumVisualStudioVersion = 10.0.40219.1
Project("{9A19103F-16F7-4668-BE54-9A1E7A4F7556}") = "MotorcyleRental", "MotorcyleRental\MotorcyleRental.csproj", "{0196594E-8580-4405-8AF6-30BF9A6E7C6D}"
EndProject
Global
	GlobalSection(SolutionConfigurationPlatforms) = preSolution
		Debug|Any CPU = Debug|Any CPU
		Release|Any CPU = Release|Any CPU
	EndGlobalSection
	GlobalSection(ProjectConfigurationPlatforms) = postSolution
		{0196594E-8580-4405-8AF6-30BF9A6E7C6D}.Debug|Any CPU.ActiveCfg = Debug|Any CPU
		{0196594E-8580-4405-8AF6-30BF9A6E7C6D}.Debug|Any CPU.Build.0 = Debug|Any CPU
		{0196594E-8580-4405-8AF6-30BF9A6E7C6D}.Release|Any CPU.ActiveCfg = Release|Any CPU
		{0196594E-8580-4405-8AF6-30BF9A6E7C6D}.Release|Any CPU.Build.0 = Release|Any CPU
	EndGlobalSection
	GlobalSection(SolutionProperties) = preSolution
		HideSolutionNode = FALSE
	EndGlobalSection
	GlobalSection(ExtensibilityGlobals) = postSolution
		SolutionGuid = {0706DDC0-26FB-4724-A766-4CB7FCB7B2A1}
	EndGlobalSection
EndGlobal
